
Microsoft Visual Studio Solution File, Format Version 12.00
# Visual Studio Version 16
VisualStudioVersion = 16.0.28803.916
MinimumVisualStudioVersion = 10.0.40219.1
Project("{FAE04EC0-301F-11D3-BF4B-00C04F79EFBC}") = "ConsoleApp1", "ConsoleApp1.csproj", "{22D8928F-B77D-48FF-9719-3D287FF96A69}"
EndProject
Global
	GlobalSection(SolutionConfigurationPlatforms) = preSolution
		Debug|Any CPU = Debug|Any CPU
		Release|Any CPU = Release|Any CPU
	EndGlobalSection
	GlobalSection(ProjectConfigurationPlatforms) = postSolution
		{22D8928F-B77D-48FF-9719-3D287FF96A69}.Debug|Any CPU.ActiveCfg = Debug|Any CPU
		{22D8928F-B77D-48FF-9719-3D287FF96A69}.Debug|Any CPU.Build.0 = Debug|Any CPU
		{22D8928F-B77D-48FF-9719-3D287FF96A69}.Release|Any CPU.ActiveCfg = Release|Any CPU
		{22D8928F-B77D-48FF-9719-3D287FF96A69}.Release|Any CPU.Build.0 = Release|Any CPU
	EndGlobalSection
	GlobalSection(SolutionProperties) = preSolution
		HideSolutionNode = FALSE
	EndGlobalSection
	GlobalSection(ExtensibilityGlobals) = postSolution
		SolutionGuid = {5CC3EBE4-4B25-450A-BD13-AFDA1ED3484D}
	EndGlobalSection
EndGlobal
